// !$*UTF8*$!
{
	archiveVersion = 1;
	classes = {
	};
	objectVersion = 46;
	objects = {

/* Begin PBXBuildFile section */
		9A94857F1D23367D00F68A3C /* AppDelegate.swift in Sources */ = {isa = PBXBuildFile; fileRef = 9A94857E1D23367D00F68A3C /* AppDelegate.swift */; };
		9A9485811D23367D00F68A3C /* ViewController.swift in Sources */ = {isa = PBXBuildFile; fileRef = 9A9485801D23367D00F68A3C /* ViewController.swift */; };
		9A9485841D23367D00F68A3C /* Main.storyboard in Resources */ = {isa = PBXBuildFile; fileRef = 9A9485821D23367D00F68A3C /* Main.storyboard */; };
		9A9485861D23367D00F68A3C /* Assets.xcassets in Resources */ = {isa = PBXBuildFile; fileRef = 9A9485851D23367D00F68A3C /* Assets.xcassets */; };
		9A9485891D23367D00F68A3C /* LaunchScreen.storyboard in Resources */ = {isa = PBXBuildFile; fileRef = 9A9485871D23367D00F68A3C /* LaunchScreen.storyboard */; };
		9A9485941D23367D00F68A3C /* WetherTableViewSampleTests.swift in Sources */ = {isa = PBXBuildFile; fileRef = 9A9485931D23367D00F68A3C /* WetherTableViewSampleTests.swift */; };
		9A94859F1D23367D00F68A3C /* WetherTableViewSampleUITests.swift in Sources */ = {isa = PBXBuildFile; fileRef = 9A94859E1D23367D00F68A3C /* WetherTableViewSampleUITests.swift */; };
/* End PBXBuildFile section */

/* Begin PBXContainerItemProxy section */
		9A9485901D23367D00F68A3C /* PBXContainerItemProxy */ = {
			isa = PBXContainerItemProxy;
			containerPortal = 9A9485731D23367D00F68A3C /* Project object */;
			proxyType = 1;
			remoteGlobalIDString = 9A94857A1D23367D00F68A3C;
			remoteInfo = WetherTableViewSample;
		};
		9A94859B1D23367D00F68A3C /* PBXContainerItemProxy */ = {
			isa = PBXContainerItemProxy;
			containerPortal = 9A9485731D23367D00F68A3C /* Project object */;
			proxyType = 1;
			remoteGlobalIDString = 9A94857A1D23367D00F68A3C;
			remoteInfo = WetherTableViewSample;
		};
/* End PBXContainerItemProxy section */

/* Begin PBXFileReference section */
		9A94857B1D23367D00F68A3C /* WetherTableViewSample.app */ = {isa = PBXFileReference; explicitFileType = wrapper.application; includeInIndex = 0; path = WetherTableViewSample.app; sourceTree = BUILT_PRODUCTS_DIR; };
		9A94857E1D23367D00F68A3C /* AppDelegate.swift */ = {isa = PBXFileReference; lastKnownFileType = sourcecode.swift; path = AppDelegate.swift; sourceTree = "<group>"; };
		9A9485801D23367D00F68A3C /* ViewController.swift */ = {isa = PBXFileReference; lastKnownFileType = sourcecode.swift; path = ViewController.swift; sourceTree = "<group>"; };
		9A9485831D23367D00F68A3C /* Base */ = {isa = PBXFileReference; lastKnownFileType = file.storyboard; name = Base; path = Base.lproj/Main.storyboard; sourceTree = "<group>"; };
		9A9485851D23367D00F68A3C /* Assets.xcassets */ = {isa = PBXFileReference; lastKnownFileType = folder.assetcatalog; path = Assets.xcassets; sourceTree = "<group>"; };
		9A9485881D23367D00F68A3C /* Base */ = {isa = PBXFileReference; lastKnownFileType = file.storyboard; name = Base; path = Base.lproj/LaunchScreen.storyboard; sourceTree = "<group>"; };
		9A94858A1D23367D00F68A3C /* Info.plist */ = {isa = PBXFileReference; lastKnownFileType = text.plist.xml; path = Info.plist; sourceTree = "<group>"; };
		9A94858F1D23367D00F68A3C /* WetherTableViewSampleTests.xctest */ = {isa = PBXFileReference; explicitFileType = wrapper.cfbundle; includeInIndex = 0; path = WetherTableViewSampleTests.xctest; sourceTree = BUILT_PRODUCTS_DIR; };
		9A9485931D23367D00F68A3C /* WetherTableViewSampleTests.swift */ = {isa = PBXFileReference; lastKnownFileType = sourcecode.swift; path = WetherTableViewSampleTests.swift; sourceTree = "<group>"; };
		9A9485951D23367D00F68A3C /* Info.plist */ = {isa = PBXFileReference; lastKnownFileType = text.plist.xml; path = Info.plist; sourceTree = "<group>"; };
		9A94859A1D23367D00F68A3C /* WetherTableViewSampleUITests.xctest */ = {isa = PBXFileReference; explicitFileType = wrapper.cfbundle; includeInIndex = 0; path = WetherTableViewSampleUITests.xctest; sourceTree = BUILT_PRODUCTS_DIR; };
		9A94859E1D23367D00F68A3C /* WetherTableViewSampleUITests.swift */ = {isa = PBXFileReference; lastKnownFileType = sourcecode.swift; path = WetherTableViewSampleUITests.swift; sourceTree = "<group>"; };
		9A9485A01D23367D00F68A3C /* Info.plist */ = {isa = PBXFileReference; lastKnownFileType = text.plist.xml; path = Info.plist; sourceTree = "<group>"; };
/* End PBXFileReference section */

/* Begin PBXFrameworksBuildPhase section */
		9A9485781D23367D00F68A3C /* Frameworks */ = {
			isa = PBXFrameworksBuildPhase;
			buildActionMask = 2147483647;
			files = (
			);
			runOnlyForDeploymentPostprocessing = 0;
		};
		9A94858C1D23367D00F68A3C /* Frameworks */ = {
			isa = PBXFrameworksBuildPhase;
			buildActionMask = 2147483647;
			files = (
			);
			runOnlyForDeploymentPostprocessing = 0;
		};
		9A9485971D23367D00F68A3C /* Frameworks */ = {
			isa = PBXFrameworksBuildPhase;
			buildActionMask = 2147483647;
			files = (
			);
			runOnlyForDeploymentPostprocessing = 0;
		};
/* End PBXFrameworksBuildPhase section */

/* Begin PBXGroup section */
		9A9485721D23367D00F68A3C = {
			isa = PBXGroup;
			children = (
				9A94857D1D23367D00F68A3C /* WetherTableViewSample */,
				9A9485921D23367D00F68A3C /* WetherTableViewSampleTests */,
				9A94859D1D23367D00F68A3C /* WetherTableViewSampleUITests */,
				9A94857C1D23367D00F68A3C /* Products */,
			);
			sourceTree = "<group>";
		};
		9A94857C1D23367D00F68A3C /* Products */ = {
			isa = PBXGroup;
			children = (
				9A94857B1D23367D00F68A3C /* WetherTableViewSample.app */,
				9A94858F1D23367D00F68A3C /* WetherTableViewSampleTests.xctest */,
				9A94859A1D23367D00F68A3C /* WetherTableViewSampleUITests.xctest */,
			);
			name = Products;
			sourceTree = "<group>";
		};
		9A94857D1D23367D00F68A3C /* WetherTableViewSample */ = {
			isa = PBXGroup;
			children = (
				9A94857E1D23367D00F68A3C /* AppDelegate.swift */,
				9A9485801D23367D00F68A3C /* ViewController.swift */,
				9A9485821D23367D00F68A3C /* Main.storyboard */,
				9A9485851D23367D00F68A3C /* Assets.xcassets */,
				9A9485871D23367D00F68A3C /* LaunchScreen.storyboard */,
				9A94858A1D23367D00F68A3C /* Info.plist */,
			);
			path = WetherTableViewSample;
			sourceTree = "<group>";
		};
		9A9485921D23367D00F68A3C /* WetherTableViewSampleTests */ = {
			isa = PBXGroup;
			children = (
				9A9485931D23367D00F68A3C /* WetherTableViewSampleTests.swift */,
				9A9485951D23367D00F68A3C /* Info.plist */,
			);
			path = WetherTableViewSampleTests;
			sourceTree = "<group>";
		};
		9A94859D1D23367D00F68A3C /* WetherTableViewSampleUITests */ = {
			isa = PBXGroup;
			children = (
				9A94859E1D23367D00F68A3C /* WetherTableViewSampleUITests.swift */,
				9A9485A01D23367D00F68A3C /* Info.plist */,
			);
			path = WetherTableViewSampleUITests;
			sourceTree = "<group>";
		};
/* End PBXGroup section */

/* Begin PBXNativeTarget section */
		9A94857A1D23367D00F68A3C /* WetherTableViewSample */ = {
			isa = PBXNativeTarget;
			buildConfigurationList = 9A9485A31D23367D00F68A3C /* Build configuration list for PBXNativeTarget "WetherTableViewSample" */;
			buildPhases = (
				9A9485771D23367D00F68A3C /* Sources */,
				9A9485781D23367D00F68A3C /* Frameworks */,
				9A9485791D23367D00F68A3C /* Resources */,
			);
			buildRules = (
			);
			dependencies = (
			);
			name = WetherTableViewSample;
			productName = WetherTableViewSample;
			productReference = 9A94857B1D23367D00F68A3C /* WetherTableViewSample.app */;
			productType = "com.apple.product-type.application";
		};
		9A94858E1D23367D00F68A3C /* WetherTableViewSampleTests */ = {
			isa = PBXNativeTarget;
			buildConfigurationList = 9A9485A61D23367D00F68A3C /* Build configuration list for PBXNativeTarget "WetherTableViewSampleTests" */;
			buildPhases = (
				9A94858B1D23367D00F68A3C /* Sources */,
				9A94858C1D23367D00F68A3C /* Frameworks */,
				9A94858D1D23367D00F68A3C /* Resources */,
			);
			buildRules = (
			);
			dependencies = (
				9A9485911D23367D00F68A3C /* PBXTargetDependency */,
			);
			name = WetherTableViewSampleTests;
			productName = WetherTableViewSampleTests;
			productReference = 9A94858F1D23367D00F68A3C /* WetherTableViewSampleTests.xctest */;
			productType = "com.apple.product-type.bundle.unit-test";
		};
		9A9485991D23367D00F68A3C /* WetherTableViewSampleUITests */ = {
			isa = PBXNativeTarget;
			buildConfigurationList = 9A9485A91D23367D00F68A3C /* Build configuration list for PBXNativeTarget "WetherTableViewSampleUITests" */;
			buildPhases = (
				9A9485961D23367D00F68A3C /* Sources */,
				9A9485971D23367D00F68A3C /* Frameworks */,
				9A9485981D23367D00F68A3C /* Resources */,
			);
			buildRules = (
			);
			dependencies = (
				9A94859C1D23367D00F68A3C /* PBXTargetDependency */,
			);
			name = WetherTableViewSampleUITests;
			productName = WetherTableViewSampleUITests;
			productReference = 9A94859A1D23367D00F68A3C /* WetherTableViewSampleUITests.xctest */;
			productType = "com.apple.product-type.bundle.ui-testing";
		};
/* End PBXNativeTarget section */

/* Begin PBXProject section */
		9A9485731D23367D00F68A3C /* Project object */ = {
			isa = PBXProject;
			attributes = {
				LastSwiftUpdateCheck = 0730;
				LastUpgradeCheck = 0730;
				ORGANIZATIONNAME = IkkiTakahashi;
				TargetAttributes = {
					9A94857A1D23367D00F68A3C = {
						CreatedOnToolsVersion = 7.3.1;
						DevelopmentTeam = N6HCZ324GJ;
					};
					9A94858E1D23367D00F68A3C = {
						CreatedOnToolsVersion = 7.3.1;
						DevelopmentTeam = N6HCZ324GJ;
						TestTargetID = 9A94857A1D23367D00F68A3C;
					};
					9A9485991D23367D00F68A3C = {
						CreatedOnToolsVersion = 7.3.1;
						DevelopmentTeam = N6HCZ324GJ;
						TestTargetID = 9A94857A1D23367D00F68A3C;
					};
				};
			};
			buildConfigurationList = 9A9485761D23367D00F68A3C /* Build configuration list for PBXProject "WetherTableViewSample" */;
			compatibilityVersion = "Xcode 3.2";
			developmentRegion = English;
			hasScannedForEncodings = 0;
			knownRegions = (
				en,
				Base,
			);
			mainGroup = 9A9485721D23367D00F68A3C;
			productRefGroup = 9A94857C1D23367D00F68A3C /* Products */;
			projectDirPath = "";
			projectRoot = "";
			targets = (
				9A94857A1D23367D00F68A3C /* WetherTableViewSample */,
				9A94858E1D23367D00F68A3C /* WetherTableViewSampleTests */,
				9A9485991D23367D00F68A3C /* WetherTableViewSampleUITests */,
			);
		};
/* End PBXProject section */

/* Begin PBXResourcesBuildPhase section */
		9A9485791D23367D00F68A3C /* Resources */ = {
			isa = PBXResourcesBuildPhase;
			buildActionMask = 2147483647;
			files = (
				9A9485891D23367D00F68A3C /* LaunchScreen.storyboard in Resources */,
				9A9485861D23367D00F68A3C /* Assets.xcassets in Resources */,
				9A9485841D23367D00F68A3C /* Main.storyboard in Resources */,
			);
			runOnlyForDeploymentPostprocessing = 0;
		};
		9A94858D1D23367D00F68A3C /* Resources */ = {
			isa = PBXResourcesBuildPhase;
			buildActionMask = 2147483647;
			files = (
			);
			runOnlyForDeploymentPostprocessing = 0;
		};
		9A9485981D23367D00F68A3C /* Resources */ = {
			isa = PBXResourcesBuildPhase;
			buildActionMask = 2147483647;
			files = (
			);
			runOnlyForDeploymentPostprocessing = 0;
		};
/* End PBXResourcesBuildPhase section */

/* Begin PBXSourcesBuildPhase section */
		9A9485771D23367D00F68A3C /* Sources */ = {
			isa = PBXSourcesBuildPhase;
			buildActionMask = 2147483647;
			files = (
				9A9485811D23367D00F68A3C /* ViewController.swift in Sources */,
				9A94857F1D23367D00F68A3C /* AppDelegate.swift in Sources */,
			);
			runOnlyForDeploymentPostprocessing = 0;
		};
		9A94858B1D23367D00F68A3C /* Sources */ = {
			isa = PBXSourcesBuildPhase;
			buildActionMask = 2147483647;
			files = (
				9A9485941D23367D00F68A3C /* WetherTableViewSampleTests.swift in Sources */,
			);
			runOnlyForDeploymentPostprocessing = 0;
		};
		9A9485961D23367D00F68A3C /* Sources */ = {
			isa = PBXSourcesBuildPhase;
			buildActionMask = 2147483647;
			files = (
				9A94859F1D23367D00F68A3C /* WetherTableViewSampleUITests.swift in Sources */,
			);
			runOnlyForDeploymentPostprocessing = 0;
		};
/* End PBXSourcesBuildPhase section */

/* Begin PBXTargetDependency section */
		9A9485911D23367D00F68A3C /* PBXTargetDependency */ = {
			isa = PBXTargetDependency;
			target = 9A94857A1D23367D00F68A3C /* WetherTableViewSample */;
			targetProxy = 9A9485901D23367D00F68A3C /* PBXContainerItemProxy */;
		};
		9A94859C1D23367D00F68A3C /* PBXTargetDependency */ = {
			isa = PBXTargetDependency;
			target = 9A94857A1D23367D00F68A3C /* WetherTableViewSample */;
			targetProxy = 9A94859B1D23367D00F68A3C /* PBXContainerItemProxy */;
		};
/* End PBXTargetDependency section */

/* Begin PBXVariantGroup section */
		9A9485821D23367D00F68A3C /* Main.storyboard */ = {
			isa = PBXVariantGroup;
			children = (
				9A9485831D23367D00F68A3C /* Base */,
			);
			name = Main.storyboard;
			sourceTree = "<group>";
		};
		9A9485871D23367D00F68A3C /* LaunchScreen.storyboard */ = {
			isa = PBXVariantGroup;
			children = (
				9A9485881D23367D00F68A3C /* Base */,
			);
			name = LaunchScreen.storyboard;
			sourceTree = "<group>";
		};
/* End PBXVariantGroup section */

/* Begin XCBuildConfiguration section */
		9A9485A11D23367D00F68A3C /* Debug */ = {
			isa = XCBuildConfiguration;
			buildSettings = {
				ALWAYS_SEARCH_USER_PATHS = NO;
				CLANG_ANALYZER_NONNULL = YES;
				CLANG_CXX_LANGUAGE_STANDARD = "gnu++0x";
				CLANG_CXX_LIBRARY = "libc++";
				CLANG_ENABLE_MODULES = YES;
				CLANG_ENABLE_OBJC_ARC = YES;
				CLANG_WARN_BOOL_CONVERSION = YES;
				CLANG_WARN_CONSTANT_CONVERSION = YES;
				CLANG_WARN_DIRECT_OBJC_ISA_USAGE = YES_ERROR;
				CLANG_WARN_EMPTY_BODY = YES;
				CLANG_WARN_ENUM_CONVERSION = YES;
				CLANG_WARN_INT_CONVERSION = YES;
				CLANG_WARN_OBJC_ROOT_CLASS = YES_ERROR;
				CLANG_WARN_UNREACHABLE_CODE = YES;
				CLANG_WARN__DUPLICATE_METHOD_MATCH = YES;
				"CODE_SIGN_IDENTITY[sdk=iphoneos*]" = "iPhone Developer";
				COPY_PHASE_STRIP = NO;
				DEBUG_INFORMATION_FORMAT = dwarf;
				ENABLE_STRICT_OBJC_MSGSEND = YES;
				ENABLE_TESTABILITY = YES;
				GCC_C_LANGUAGE_STANDARD = gnu99;
				GCC_DYNAMIC_NO_PIC = NO;
				GCC_NO_COMMON_BLOCKS = YES;
				GCC_OPTIMIZATION_LEVEL = 0;
				GCC_PREPROCESSOR_DEFINITIONS = (
					"DEBUG=1",
					"$(inherited)",
				);
				GCC_WARN_64_TO_32_BIT_CONVERSION = YES;
				GCC_WARN_ABOUT_RETURN_TYPE = YES_ERROR;
				GCC_WARN_UNDECLARED_SELECTOR = YES;
				GCC_WARN_UNINITIALIZED_AUTOS = YES_AGGRESSIVE;
				GCC_WARN_UNUSED_FUNCTION = YES;
				GCC_WARN_UNUSED_VARIABLE = YES;
				IPHONEOS_DEPLOYMENT_TARGET = 9.3;
				MTL_ENABLE_DEBUG_INFO = YES;
				ONLY_ACTIVE_ARCH = YES;
				SDKROOT = iphoneos;
				SWIFT_OPTIMIZATION_LEVEL = "-Onone";
			};
			name = Debug;
		};
		9A9485A21D23367D00F68A3C /* Release */ = {
			isa = XCBuildConfiguration;
			buildSettings = {
				ALWAYS_SEARCH_USER_PATHS = NO;
				CLANG_ANALYZER_NONNULL = YES;
				CLANG_CXX_LANGUAGE_STANDARD = "gnu++0x";
				CLANG_CXX_LIBRARY = "libc++";
				CLANG_ENABLE_MODULES = YES;
				CLANG_ENABLE_OBJC_ARC = YES;
				CLANG_WARN_BOOL_CONVERSION = YES;
				CLANG_WARN_CONSTANT_CONVERSION = YES;
				CLANG_WARN_DIRECT_OBJC_ISA_USAGE = YES_ERROR;
				CLANG_WARN_EMPTY_BODY = YES;
				CLANG_WARN_ENUM_CONVERSION = YES;
				CLANG_WARN_INT_CONVERSION = YES;
				CLANG_WARN_OBJC_ROOT_CLASS = YES_ERROR;
				CLANG_WARN_UNREACHABLE_CODE = YES;
				CLANG_WARN__DUPLICATE_METHOD_MATCH = YES;
				"CODE_SIGN_IDENTITY[sdk=iphoneos*]" = "iPhone Developer";
				COPY_PHASE_STRIP = NO;
				DEBUG_INFORMATION_FORMAT = "dwarf-with-dsym";
				ENABLE_NS_ASSERTIONS = NO;
				ENABLE_STRICT_OBJC_MSGSEND = YES;
				GCC_C_LANGUAGE_STANDARD = gnu99;
				GCC_NO_COMMON_BLOCKS = YES;
				GCC_WARN_64_TO_32_BIT_CONVERSION = YES;
				GCC_WARN_ABOUT_RETURN_TYPE = YES_ERROR;
				GCC_WARN_UNDECLARED_SELECTOR = YES;
				GCC_WARN_UNINITIALIZED_AUTOS = YES_AGGRESSIVE;
				GCC_WARN_UNUSED_FUNCTION = YES;
				GCC_WARN_UNUSED_VARIABLE = YES;
				IPHONEOS_DEPLOYMENT_TARGET = 9.3;
				MTL_ENABLE_DEBUG_INFO = NO;
				SDKROOT = iphoneos;
				VALIDATE_PRODUCT = YES;
			};
			name = Release;
		};
		9A9485A41D23367D00F68A3C /* Debug */ = {
			isa = XCBuildConfiguration;
			buildSettings = {
				ASSETCATALOG_COMPILER_APPICON_NAME = AppIcon;
				INFOPLIST_FILE = WetherTableViewSample/Info.plist;
				LD_RUNPATH_SEARCH_PATHS = "$(inherited) @executable_path/Frameworks";
				PRODUCT_BUNDLE_IDENTIFIER = jp.co.ikkitakahashi.WetherTableViewSample;
				PRODUCT_NAME = "$(TARGET_NAME)";
			};
			name = Debug;
		};
		9A9485A51D23367D00F68A3C /* Release */ = {
			isa = XCBuildConfiguration;
			buildSettings = {
				ASSETCATALOG_COMPILER_APPICON_NAME = AppIcon;
				INFOPLIST_FILE = WetherTableViewSample/Info.plist;
				LD_RUNPATH_SEARCH_PATHS = "$(inherited) @executable_path/Frameworks";
				PRODUCT_BUNDLE_IDENTIFIER = jp.co.ikkitakahashi.WetherTableViewSample;
				PRODUCT_NAME = "$(TARGET_NAME)";
			};
			name = Release;
		};
		9A9485A71D23367D00F68A3C /* Debug */ = {
			isa = XCBuildConfiguration;
			buildSettings = {
				BUNDLE_LOADER = "$(TEST_HOST)";
				INFOPLIST_FILE = WetherTableViewSampleTests/Info.plist;
				LD_RUNPATH_SEARCH_PATHS = "$(inherited) @executable_path/Frameworks @loader_path/Frameworks";
				PRODUCT_BUNDLE_IDENTIFIER = jp.co.ikkitakahashi.WetherTableViewSampleTests;
				PRODUCT_NAME = "$(TARGET_NAME)";
				TEST_HOST = "$(BUILT_PRODUCTS_DIR)/WetherTableViewSample.app/WetherTableViewSample";
			};
			name = Debug;
		};
		9A9485A81D23367D00F68A3C /* Release */ = {
			isa = XCBuildConfiguration;
			buildSettings = {
				BUNDLE_LOADER = "$(TEST_HOST)";
				INFOPLIST_FILE = WetherTableViewSampleTests/Info.plist;
				LD_RUNPATH_SEARCH_PATHS = "$(inherited) @executable_path/Frameworks @loader_path/Frameworks";
				PRODUCT_BUNDLE_IDENTIFIER = jp.co.ikkitakahashi.WetherTableViewSampleTests;
				PRODUCT_NAME = "$(TARGET_NAME)";
				TEST_HOST = "$(BUILT_PRODUCTS_DIR)/WetherTableViewSample.app/WetherTableViewSample";
			};
			name = Release;
		};
		9A9485AA1D23367D00F68A3C /* Debug */ = {
			isa = XCBuildConfiguration;
			buildSettings = {
				INFOPLIST_FILE = WetherTableViewSampleUITests/Info.plist;
				LD_RUNPATH_SEARCH_PATHS = "$(inherited) @executable_path/Frameworks @loader_path/Frameworks";
				PRODUCT_BUNDLE_IDENTIFIER = jp.co.ikkitakahashi.WetherTableViewSampleUITests;
				PRODUCT_NAME = "$(TARGET_NAME)";
				TEST_TARGET_NAME = WetherTableViewSample;
			};
			name = Debug;
		};
		9A9485AB1D23367D00F68A3C /* Release */ = {
			isa = XCBuildConfiguration;
			buildSettings = {
				INFOPLIST_FILE = WetherTableViewSampleUITests/Info.plist;
				LD_RUNPATH_SEARCH_PATHS = "$(inherited) @executable_path/Frameworks @loader_path/Frameworks";
				PRODUCT_BUNDLE_IDENTIFIER = jp.co.ikkitakahashi.WetherTableViewSampleUITests;
				PRODUCT_NAME = "$(TARGET_NAME)";
				TEST_TARGET_NAME = WetherTableViewSample;
			};
			name = Release;
		};
/* End XCBuildConfiguration section */

/* Begin XCConfigurationList section */
		9A9485761D23367D00F68A3C /* Build configuration list for PBXProject "WetherTableViewSample" */ = {
			isa = XCConfigurationList;
			buildConfigurations = (
				9A9485A11D23367D00F68A3C /* Debug */,
				9A9485A21D23367D00F68A3C /* Release */,
			);
			defaultConfigurationIsVisible = 0;
			defaultConfigurationName = Release;
		};
		9A9485A31D23367D00F68A3C /* Build configuration list for PBXNativeTarget "WetherTableViewSample" */ = {
			isa = XCConfigurationList;
			buildConfigurations = (
				9A9485A41D23367D00F68A3C /* Debug */,
				9A9485A51D23367D00F68A3C /* Release */,
			);
			defaultConfigurationIsVisible = 0;
		};
		9A9485A61D23367D00F68A3C /* Build configuration list for PBXNativeTarget "WetherTableViewSampleTests" */ = {
			isa = XCConfigurationList;
			buildConfigurations = (
				9A9485A71D23367D00F68A3C /* Debug */,
				9A9485A81D23367D00F68A3C /* Release */,
			);
			defaultConfigurationIsVisible = 0;
		};
		9A9485A91D23367D00F68A3C /* Build configuration list for PBXNativeTarget "WetherTableViewSampleUITests" */ = {
			isa = XCConfigurationList;
			buildConfigurations = (
				9A9485AA1D23367D00F68A3C /* Debug */,
				9A9485AB1D23367D00F68A3C /* Release */,
			);
			defaultConfigurationIsVisible = 0;
		};
/* End XCConfigurationList section */
	};
	rootObject = 9A9485731D23367D00F68A3C /* Project object */;
}
